
Microsoft Visual Studio Solution File, Format Version 12.00
# Visual Studio Version 17
VisualStudioVersion = 17.4.33213.308
MinimumVisualStudioVersion = 10.0.40219.1
Project("{FAE04EC0-301F-11D3-BF4B-00C04F79EFBC}") = "Processes App", "Processes App\Processes App.csproj", "{3EA02255-DB52-445B-B38D-BA854C05DE95}"
EndProject
Global
	GlobalSection(SolutionConfigurationPlatforms) = preSolution
		Debug|Any CPU = Debug|Any CPU
		Release|Any CPU = Release|Any CPU
	EndGlobalSection
	GlobalSection(ProjectConfigurationPlatforms) = postSolution
		{3EA02255-DB52-445B-B38D-BA854C05DE95}.Debug|Any CPU.ActiveCfg = Debug|Any CPU
		{3EA02255-DB52-445B-B38D-BA854C05DE95}.Debug|Any CPU.Build.0 = Debug|Any CPU
		{3EA02255-DB52-445B-B38D-BA854C05DE95}.Release|Any CPU.ActiveCfg = Release|Any CPU
		{3EA02255-DB52-445B-B38D-BA854C05DE95}.Release|Any CPU.Build.0 = Release|Any CPU
	EndGlobalSection
	GlobalSection(SolutionProperties) = preSolution
		HideSolutionNode = FALSE
	EndGlobalSection
	GlobalSection(ExtensibilityGlobals) = postSolution
		SolutionGuid = {7501668E-0046-4F13-827F-2E9597415932}
	EndGlobalSection
EndGlobal
